{
  "name": "stratum-sqlite",
  "version": "0.1.6",
  "lockfileVersion": 3,
  "requires": true,
  "packages": {
    "": {
      "name": "stratum-sqlite",
      "version": "0.1.6",
      "license": "MIT",
      "peerDependencies": {
        "sql.js": ">=1.10.0"
      },
      "peerDependenciesMeta": {
        "sql.js": {
          "optional": true
        }
      }
    }
  }
}
